// !$*UTF8*$!
{
	archiveVersion = 1;
	classes = {
	};
	objectVersion = 56;
	objects = {

/* Begin PBXBuildFile section */
		A534B64F2A1D2869008DD596 /* NetworkManager.swift in Sources */ = {isa = PBXBuildFile; fileRef = A534B64E2A1D2869008DD596 /* NetworkManager.swift */; };
		A5B6B7D62A14C90F00B0DA68 /* LoadingView.swift in Sources */ = {isa = PBXBuildFile; fileRef = A5B6B7D52A14C90F00B0DA68 /* LoadingView.swift */; };
		A5B6B7DB2A14D27800B0DA68 /* CircleTextView.swift in Sources */ = {isa = PBXBuildFile; fileRef = A5B6B7DA2A14D27800B0DA68 /* CircleTextView.swift */; };
		A5B6B7F32A150DF400B0DA68 /* CoreDataOBJ.swift in Sources */ = {isa = PBXBuildFile; fileRef = A5B6B7F22A150DF400B0DA68 /* CoreDataOBJ.swift */; };
		A5B6B7F52A150E0F00B0DA68 /* CoreDataManager.swift in Sources */ = {isa = PBXBuildFile; fileRef = A5B6B7F42A150E0F00B0DA68 /* CoreDataManager.swift */; };
		A5B6B7F72A15106700B0DA68 /* URL.swift in Sources */ = {isa = PBXBuildFile; fileRef = A5B6B7F62A15106700B0DA68 /* URL.swift */; };
		A5B6B7FC2A15244800B0DA68 /* ImageCache.swift in Sources */ = {isa = PBXBuildFile; fileRef = A5B6B7FB2A15244800B0DA68 /* ImageCache.swift */; };
		A5D472DF2A09353F0007843F /* rsttur_karavaevApp.swift in Sources */ = {isa = PBXBuildFile; fileRef = A5D472DE2A09353F0007843F /* rsttur_karavaevApp.swift */; };
		A5D472E12A09353F0007843F /* ContentView.swift in Sources */ = {isa = PBXBuildFile; fileRef = A5D472E02A09353F0007843F /* ContentView.swift */; };
		A5D472E32A0935420007843F /* Assets.xcassets in Resources */ = {isa = PBXBuildFile; fileRef = A5D472E22A0935420007843F /* Assets.xcassets */; };
		A5D472E62A0935420007843F /* Preview Assets.xcassets in Resources */ = {isa = PBXBuildFile; fileRef = A5D472E52A0935420007843F /* Preview Assets.xcassets */; };
		A5D472ED2A09444E0007843F /* Model.swift in Sources */ = {isa = PBXBuildFile; fileRef = A5D472EC2A09444E0007843F /* Model.swift */; };
		A5D472EF2A0944860007843F /* ViewModel.swift in Sources */ = {isa = PBXBuildFile; fileRef = A5D472EE2A0944860007843F /* ViewModel.swift */; };
		A5D472F32A0A5CB10007843F /* Color.swift in Sources */ = {isa = PBXBuildFile; fileRef = A5D472F22A0A5CB10007843F /* Color.swift */; };
		A5D472F52A0DF5AC0007843F /* Emoji.swift in Sources */ = {isa = PBXBuildFile; fileRef = A5D472F42A0DF5AC0007843F /* Emoji.swift */; };
		A5D472F72A0DF9590007843F /* View.swift in Sources */ = {isa = PBXBuildFile; fileRef = A5D472F62A0DF9590007843F /* View.swift */; };
		A5D4731A2A1218690007843F /* ObjectListView.swift in Sources */ = {isa = PBXBuildFile; fileRef = A5D473192A1218690007843F /* ObjectListView.swift */; };
		A5D473202A1259AE0007843F /* ObjectImageView.swift in Sources */ = {isa = PBXBuildFile; fileRef = A5D4731F2A1259AD0007843F /* ObjectImageView.swift */; };
/* End PBXBuildFile section */

/* Begin PBXFileReference section */
		A534B64E2A1D2869008DD596 /* NetworkManager.swift */ = {isa = PBXFileReference; lastKnownFileType = sourcecode.swift; path = NetworkManager.swift; sourceTree = "<group>"; };
		A5B6B7D52A14C90F00B0DA68 /* LoadingView.swift */ = {isa = PBXFileReference; lastKnownFileType = sourcecode.swift; path = LoadingView.swift; sourceTree = "<group>"; };
		A5B6B7DA2A14D27800B0DA68 /* CircleTextView.swift */ = {isa = PBXFileReference; lastKnownFileType = sourcecode.swift; path = CircleTextView.swift; sourceTree = "<group>"; };
		A5B6B7F22A150DF400B0DA68 /* CoreDataOBJ.swift */ = {isa = PBXFileReference; lastKnownFileType = sourcecode.swift; path = CoreDataOBJ.swift; sourceTree = "<group>"; };
		A5B6B7F42A150E0F00B0DA68 /* CoreDataManager.swift */ = {isa = PBXFileReference; lastKnownFileType = sourcecode.swift; path = CoreDataManager.swift; sourceTree = "<group>"; };
		A5B6B7F62A15106700B0DA68 /* URL.swift */ = {isa = PBXFileReference; lastKnownFileType = sourcecode.swift; path = URL.swift; sourceTree = "<group>"; };
		A5B6B7FB2A15244800B0DA68 /* ImageCache.swift */ = {isa = PBXFileReference; lastKnownFileType = sourcecode.swift; path = ImageCache.swift; sourceTree = "<group>"; };
		A5D472DB2A09353F0007843F /* rsttur_karavaev.app */ = {isa = PBXFileReference; explicitFileType = wrapper.application; includeInIndex = 0; path = rsttur_karavaev.app; sourceTree = BUILT_PRODUCTS_DIR; };
		A5D472DE2A09353F0007843F /* rsttur_karavaevApp.swift */ = {isa = PBXFileReference; lastKnownFileType = sourcecode.swift; path = rsttur_karavaevApp.swift; sourceTree = "<group>"; };
		A5D472E02A09353F0007843F /* ContentView.swift */ = {isa = PBXFileReference; lastKnownFileType = sourcecode.swift; path = ContentView.swift; sourceTree = "<group>"; };
		A5D472E22A0935420007843F /* Assets.xcassets */ = {isa = PBXFileReference; lastKnownFileType = folder.assetcatalog; path = Assets.xcassets; sourceTree = "<group>"; };
		A5D472E52A0935420007843F /* Preview Assets.xcassets */ = {isa = PBXFileReference; lastKnownFileType = folder.assetcatalog; path = "Preview Assets.xcassets"; sourceTree = "<group>"; };
		A5D472EC2A09444E0007843F /* Model.swift */ = {isa = PBXFileReference; lastKnownFileType = sourcecode.swift; path = Model.swift; sourceTree = "<group>"; };
		A5D472EE2A0944860007843F /* ViewModel.swift */ = {isa = PBXFileReference; lastKnownFileType = sourcecode.swift; path = ViewModel.swift; sourceTree = "<group>"; };
		A5D472F22A0A5CB10007843F /* Color.swift */ = {isa = PBXFileReference; lastKnownFileType = sourcecode.swift; path = Color.swift; sourceTree = "<group>"; };
		A5D472F42A0DF5AC0007843F /* Emoji.swift */ = {isa = PBXFileReference; lastKnownFileType = sourcecode.swift; path = Emoji.swift; sourceTree = "<group>"; };
		A5D472F62A0DF9590007843F /* View.swift */ = {isa = PBXFileReference; lastKnownFileType = sourcecode.swift; path = View.swift; sourceTree = "<group>"; };
		A5D473132A11DA780007843F /* rsttur-karavaev-Info.plist */ = {isa = PBXFileReference; lastKnownFileType = text.plist; path = "rsttur-karavaev-Info.plist"; sourceTree = SOURCE_ROOT; };
		A5D473192A1218690007843F /* ObjectListView.swift */ = {isa = PBXFileReference; lastKnownFileType = sourcecode.swift; path = ObjectListView.swift; sourceTree = "<group>"; };
		A5D4731F2A1259AD0007843F /* ObjectImageView.swift */ = {isa = PBXFileReference; lastKnownFileType = sourcecode.swift; path = ObjectImageView.swift; sourceTree = "<group>"; };
/* End PBXFileReference section */

/* Begin PBXFrameworksBuildPhase section */
		A5D472D82A09353F0007843F /* Frameworks */ = {
			isa = PBXFrameworksBuildPhase;
			buildActionMask = 2147483647;
			files = (
			);
			runOnlyForDeploymentPostprocessing = 0;
		};
/* End PBXFrameworksBuildPhase section */

/* Begin PBXGroup section */
		A5B6B7DC2A14D2A600B0DA68 /* ContentView */ = {
			isa = PBXGroup;
			children = (
				A5D472E02A09353F0007843F /* ContentView.swift */,
				A5B6B7DA2A14D27800B0DA68 /* CircleTextView.swift */,
			);
			path = ContentView;
			sourceTree = "<group>";
		};
		A5B6B7DD2A14D2BA00B0DA68 /* ObjectListView */ = {
			isa = PBXGroup;
			children = (
				A5D473192A1218690007843F /* ObjectListView.swift */,
				A5D4731F2A1259AD0007843F /* ObjectImageView.swift */,
			);
			path = ObjectListView;
			sourceTree = "<group>";
		};
		A5B6B7F12A150DD600B0DA68 /* Cache */ = {
			isa = PBXGroup;
			children = (
				A5B6B7FB2A15244800B0DA68 /* ImageCache.swift */,
			);
			path = Cache;
			sourceTree = "<group>";
		};
		A5B6B7FD2A1524B500B0DA68 /* CoreDataConfiguration */ = {
			isa = PBXGroup;
			children = (
				A5B6B7F22A150DF400B0DA68 /* CoreDataOBJ.swift */,
				A5B6B7F42A150E0F00B0DA68 /* CoreDataManager.swift */,
			);
			path = CoreDataConfiguration;
			sourceTree = "<group>";
		};
		A5D472D22A09353F0007843F = {
			isa = PBXGroup;
			children = (
				A5D472DD2A09353F0007843F /* rsttur_karavaev */,
				A5D472DC2A09353F0007843F /* Products */,
			);
			sourceTree = "<group>";
		};
		A5D472DC2A09353F0007843F /* Products */ = {
			isa = PBXGroup;
			children = (
				A5D472DB2A09353F0007843F /* rsttur_karavaev.app */,
			);
			name = Products;
			sourceTree = "<group>";
		};
		A5D472DD2A09353F0007843F /* rsttur_karavaev */ = {
			isa = PBXGroup;
			children = (
				A5D473132A11DA780007843F /* rsttur-karavaev-Info.plist */,
				A5D472DE2A09353F0007843F /* rsttur_karavaevApp.swift */,
				A5D473162A11E64D0007843F /* View */,
				A5D473142A11E62F0007843F /* Model */,
				A5D473152A11E6420007843F /* ViewModel */,
				A5D472F82A0DF9640007843F /* Exstension */,
				A5D472E22A0935420007843F /* Assets.xcassets */,
				A5D472E42A0935420007843F /* Preview Content */,
			);
			path = rsttur_karavaev;
			sourceTree = "<group>";
		};
		A5D472E42A0935420007843F /* Preview Content */ = {
			isa = PBXGroup;
			children = (
				A5D472E52A0935420007843F /* Preview Assets.xcassets */,
			);
			path = "Preview Content";
			sourceTree = "<group>";
		};
		A5D472F82A0DF9640007843F /* Exstension */ = {
			isa = PBXGroup;
			children = (
				A5D472F22A0A5CB10007843F /* Color.swift */,
				A5D472F62A0DF9590007843F /* View.swift */,
				A5D472F42A0DF5AC0007843F /* Emoji.swift */,
				A5B6B7F62A15106700B0DA68 /* URL.swift */,
			);
			path = Exstension;
			sourceTree = "<group>";
		};
		A5D473142A11E62F0007843F /* Model */ = {
			isa = PBXGroup;
			children = (
				A5D472EC2A09444E0007843F /* Model.swift */,
				A534B64E2A1D2869008DD596 /* NetworkManager.swift */,
				A5B6B7FD2A1524B500B0DA68 /* CoreDataConfiguration */,
				A5B6B7F12A150DD600B0DA68 /* Cache */,
			);
			path = Model;
			sourceTree = "<group>";
		};
		A5D473152A11E6420007843F /* ViewModel */ = {
			isa = PBXGroup;
			children = (
				A5D472EE2A0944860007843F /* ViewModel.swift */,
			);
			path = ViewModel;
			sourceTree = "<group>";
		};
		A5D473162A11E64D0007843F /* View */ = {
			isa = PBXGroup;
			children = (
				A5B6B7D52A14C90F00B0DA68 /* LoadingView.swift */,
				A5B6B7DC2A14D2A600B0DA68 /* ContentView */,
				A5B6B7DD2A14D2BA00B0DA68 /* ObjectListView */,
			);
			path = View;
			sourceTree = "<group>";
		};
/* End PBXGroup section */

/* Begin PBXNativeTarget section */
		A5D472DA2A09353F0007843F /* rsttur_karavaev */ = {
			isa = PBXNativeTarget;
			buildConfigurationList = A5D472E92A0935420007843F /* Build configuration list for PBXNativeTarget "rsttur_karavaev" */;
			buildPhases = (
				A5D472D72A09353F0007843F /* Sources */,
				A5D472D82A09353F0007843F /* Frameworks */,
				A5D472D92A09353F0007843F /* Resources */,
			);
			buildRules = (
			);
			dependencies = (
			);
			name = rsttur_karavaev;
			productName = rsttur_karavaev;
			productReference = A5D472DB2A09353F0007843F /* rsttur_karavaev.app */;
			productType = "com.apple.product-type.application";
		};
/* End PBXNativeTarget section */

/* Begin PBXProject section */
		A5D472D32A09353F0007843F /* Project object */ = {
			isa = PBXProject;
			attributes = {
				BuildIndependentTargetsInParallel = 1;
				LastSwiftUpdateCheck = 1420;
				LastUpgradeCheck = 1420;
				TargetAttributes = {
					A5D472DA2A09353F0007843F = {
						CreatedOnToolsVersion = 14.2;
					};
				};
			};
			buildConfigurationList = A5D472D62A09353F0007843F /* Build configuration list for PBXProject "rsttur_karavaev" */;
			compatibilityVersion = "Xcode 14.0";
			developmentRegion = en;
			hasScannedForEncodings = 0;
			knownRegions = (
				en,
				Base,
			);
			mainGroup = A5D472D22A09353F0007843F;
			productRefGroup = A5D472DC2A09353F0007843F /* Products */;
			projectDirPath = "";
			projectRoot = "";
			targets = (
				A5D472DA2A09353F0007843F /* rsttur_karavaev */,
			);
		};
/* End PBXProject section */

/* Begin PBXResourcesBuildPhase section */
		A5D472D92A09353F0007843F /* Resources */ = {
			isa = PBXResourcesBuildPhase;
			buildActionMask = 2147483647;
			files = (
				A5D472E62A0935420007843F /* Preview Assets.xcassets in Resources */,
				A5D472E32A0935420007843F /* Assets.xcassets in Resources */,
			);
			runOnlyForDeploymentPostprocessing = 0;
		};
/* End PBXResourcesBuildPhase section */

/* Begin PBXSourcesBuildPhase section */
		A5D472D72A09353F0007843F /* Sources */ = {
			isa = PBXSourcesBuildPhase;
			buildActionMask = 2147483647;
			files = (
				A5D472F72A0DF9590007843F /* View.swift in Sources */,
				A5D472ED2A09444E0007843F /* Model.swift in Sources */,
				A5B6B7D62A14C90F00B0DA68 /* LoadingView.swift in Sources */,
				A5D472E12A09353F0007843F /* ContentView.swift in Sources */,
				A534B64F2A1D2869008DD596 /* NetworkManager.swift in Sources */,
				A5B6B7F72A15106700B0DA68 /* URL.swift in Sources */,
				A5D472EF2A0944860007843F /* ViewModel.swift in Sources */,
				A5B6B7DB2A14D27800B0DA68 /* CircleTextView.swift in Sources */,
				A5B6B7F52A150E0F00B0DA68 /* CoreDataManager.swift in Sources */,
				A5B6B7F32A150DF400B0DA68 /* CoreDataOBJ.swift in Sources */,
				A5D472F52A0DF5AC0007843F /* Emoji.swift in Sources */,
				A5D4731A2A1218690007843F /* ObjectListView.swift in Sources */,
				A5B6B7FC2A15244800B0DA68 /* ImageCache.swift in Sources */,
				A5D473202A1259AE0007843F /* ObjectImageView.swift in Sources */,
				A5D472DF2A09353F0007843F /* rsttur_karavaevApp.swift in Sources */,
				A5D472F32A0A5CB10007843F /* Color.swift in Sources */,
			);
			runOnlyForDeploymentPostprocessing = 0;
		};
/* End PBXSourcesBuildPhase section */

/* Begin XCBuildConfiguration section */
		A5D472E72A0935420007843F /* Debug */ = {
			isa = XCBuildConfiguration;
			buildSettings = {
				ALWAYS_SEARCH_USER_PATHS = NO;
				CLANG_ANALYZER_NONNULL = YES;
				CLANG_ANALYZER_NUMBER_OBJECT_CONVERSION = YES_AGGRESSIVE;
				CLANG_CXX_LANGUAGE_STANDARD = "gnu++20";
				CLANG_ENABLE_MODULES = YES;
				CLANG_ENABLE_OBJC_ARC = YES;
				CLANG_ENABLE_OBJC_WEAK = YES;
				CLANG_WARN_BLOCK_CAPTURE_AUTORELEASING = YES;
				CLANG_WARN_BOOL_CONVERSION = YES;
				CLANG_WARN_COMMA = YES;
				CLANG_WARN_CONSTANT_CONVERSION = YES;
				CLANG_WARN_DEPRECATED_OBJC_IMPLEMENTATIONS = YES;
				CLANG_WARN_DIRECT_OBJC_ISA_USAGE = YES_ERROR;
				CLANG_WARN_DOCUMENTATION_COMMENTS = YES;
				CLANG_WARN_EMPTY_BODY = YES;
				CLANG_WARN_ENUM_CONVERSION = YES;
				CLANG_WARN_INFINITE_RECURSION = YES;
				CLANG_WARN_INT_CONVERSION = YES;
				CLANG_WARN_NON_LITERAL_NULL_CONVERSION = YES;
				CLANG_WARN_OBJC_IMPLICIT_RETAIN_SELF = YES;
				CLANG_WARN_OBJC_LITERAL_CONVERSION = YES;
				CLANG_WARN_OBJC_ROOT_CLASS = YES_ERROR;
				CLANG_WARN_QUOTED_INCLUDE_IN_FRAMEWORK_HEADER = YES;
				CLANG_WARN_RANGE_LOOP_ANALYSIS = YES;
				CLANG_WARN_STRICT_PROTOTYPES = YES;
				CLANG_WARN_SUSPICIOUS_MOVE = YES;
				CLANG_WARN_UNGUARDED_AVAILABILITY = YES_AGGRESSIVE;
				CLANG_WARN_UNREACHABLE_CODE = YES;
				CLANG_WARN__DUPLICATE_METHOD_MATCH = YES;
				COPY_PHASE_STRIP = NO;
				DEBUG_INFORMATION_FORMAT = dwarf;
				ENABLE_STRICT_OBJC_MSGSEND = YES;
				ENABLE_TESTABILITY = YES;
				GCC_C_LANGUAGE_STANDARD = gnu11;
				GCC_DYNAMIC_NO_PIC = NO;
				GCC_NO_COMMON_BLOCKS = YES;
				GCC_OPTIMIZATION_LEVEL = 0;
				GCC_PREPROCESSOR_DEFINITIONS = (
					"DEBUG=1",
					"$(inherited)",
				);
				GCC_WARN_64_TO_32_BIT_CONVERSION = YES;
				GCC_WARN_ABOUT_RETURN_TYPE = YES_ERROR;
				GCC_WARN_UNDECLARED_SELECTOR = YES;
				GCC_WARN_UNINITIALIZED_AUTOS = YES_AGGRESSIVE;
				GCC_WARN_UNUSED_FUNCTION = YES;
				GCC_WARN_UNUSED_VARIABLE = YES;
				IPHONEOS_DEPLOYMENT_TARGET = 16.2;
				MTL_ENABLE_DEBUG_INFO = INCLUDE_SOURCE;
				MTL_FAST_MATH = YES;
				ONLY_ACTIVE_ARCH = YES;
				SDKROOT = iphoneos;
				SWIFT_ACTIVE_COMPILATION_CONDITIONS = DEBUG;
				SWIFT_OPTIMIZATION_LEVEL = "-Onone";
			};
			name = Debug;
		};
		A5D472E82A0935420007843F /* Release */ = {
			isa = XCBuildConfiguration;
			buildSettings = {
				ALWAYS_SEARCH_USER_PATHS = NO;
				CLANG_ANALYZER_NONNULL = YES;
				CLANG_ANALYZER_NUMBER_OBJECT_CONVERSION = YES_AGGRESSIVE;
				CLANG_CXX_LANGUAGE_STANDARD = "gnu++20";
				CLANG_ENABLE_MODULES = YES;
				CLANG_ENABLE_OBJC_ARC = YES;
				CLANG_ENABLE_OBJC_WEAK = YES;
				CLANG_WARN_BLOCK_CAPTURE_AUTORELEASING = YES;
				CLANG_WARN_BOOL_CONVERSION = YES;
				CLANG_WARN_COMMA = YES;
				CLANG_WARN_CONSTANT_CONVERSION = YES;
				CLANG_WARN_DEPRECATED_OBJC_IMPLEMENTATIONS = YES;
				CLANG_WARN_DIRECT_OBJC_ISA_USAGE = YES_ERROR;
				CLANG_WARN_DOCUMENTATION_COMMENTS = YES;
				CLANG_WARN_EMPTY_BODY = YES;
				CLANG_WARN_ENUM_CONVERSION = YES;
				CLANG_WARN_INFINITE_RECURSION = YES;
				CLANG_WARN_INT_CONVERSION = YES;
				CLANG_WARN_NON_LITERAL_NULL_CONVERSION = YES;
				CLANG_WARN_OBJC_IMPLICIT_RETAIN_SELF = YES;
				CLANG_WARN_OBJC_LITERAL_CONVERSION = YES;
				CLANG_WARN_OBJC_ROOT_CLASS = YES_ERROR;
				CLANG_WARN_QUOTED_INCLUDE_IN_FRAMEWORK_HEADER = YES;
				CLANG_WARN_RANGE_LOOP_ANALYSIS = YES;
				CLANG_WARN_STRICT_PROTOTYPES = YES;
				CLANG_WARN_SUSPICIOUS_MOVE = YES;
				CLANG_WARN_UNGUARDED_AVAILABILITY = YES_AGGRESSIVE;
				CLANG_WARN_UNREACHABLE_CODE = YES;
				CLANG_WARN__DUPLICATE_METHOD_MATCH = YES;
				COPY_PHASE_STRIP = NO;
				DEBUG_INFORMATION_FORMAT = "dwarf-with-dsym";
				ENABLE_NS_ASSERTIONS = NO;
				ENABLE_STRICT_OBJC_MSGSEND = YES;
				GCC_C_LANGUAGE_STANDARD = gnu11;
				GCC_NO_COMMON_BLOCKS = YES;
				GCC_WARN_64_TO_32_BIT_CONVERSION = YES;
				GCC_WARN_ABOUT_RETURN_TYPE = YES_ERROR;
				GCC_WARN_UNDECLARED_SELECTOR = YES;
				GCC_WARN_UNINITIALIZED_AUTOS = YES_AGGRESSIVE;
				GCC_WARN_UNUSED_FUNCTION = YES;
				GCC_WARN_UNUSED_VARIABLE = YES;
				IPHONEOS_DEPLOYMENT_TARGET = 16.2;
				MTL_ENABLE_DEBUG_INFO = NO;
				MTL_FAST_MATH = YES;
				SDKROOT = iphoneos;
				SWIFT_COMPILATION_MODE = wholemodule;
				SWIFT_OPTIMIZATION_LEVEL = "-O";
				VALIDATE_PRODUCT = YES;
			};
			name = Release;
		};
		A5D472EA2A0935420007843F /* Debug */ = {
			isa = XCBuildConfiguration;
			buildSettings = {
				ASSETCATALOG_COMPILER_APPICON_NAME = AppIcon;
				ASSETCATALOG_COMPILER_GLOBAL_ACCENT_COLOR_NAME = AccentColor;
				CODE_SIGN_STYLE = Automatic;
				CURRENT_PROJECT_VERSION = 1;
				DEVELOPMENT_ASSET_PATHS = "\"rsttur_karavaev/Preview Content\"";
				DEVELOPMENT_TEAM = H8H54D2ZMF;
				ENABLE_PREVIEWS = YES;
				GENERATE_INFOPLIST_FILE = YES;
				INFOPLIST_FILE = "rsttur-karavaev-Info.plist";
				INFOPLIST_KEY_UIApplicationSceneManifest_Generation = YES;
				INFOPLIST_KEY_UIApplicationSupportsIndirectInputEvents = YES;
				INFOPLIST_KEY_UILaunchScreen_Generation = YES;
				INFOPLIST_KEY_UISupportedInterfaceOrientations = UIInterfaceOrientationPortrait;
				LD_RUNPATH_SEARCH_PATHS = (
					"$(inherited)",
					"@executable_path/Frameworks",
				);
				MARKETING_VERSION = 1.0;
				PRODUCT_BUNDLE_IDENTIFIER = "Sergey-Karavaev.rsttur-karavaev";
				PRODUCT_NAME = "$(TARGET_NAME)";
				SWIFT_EMIT_LOC_STRINGS = YES;
				SWIFT_VERSION = 5.0;
				TARGETED_DEVICE_FAMILY = "1,2";
			};
			name = Debug;
		};
		A5D472EB2A0935420007843F /* Release */ = {
			isa = XCBuildConfiguration;
			buildSettings = {
				ASSETCATALOG_COMPILER_APPICON_NAME = AppIcon;
				ASSETCATALOG_COMPILER_GLOBAL_ACCENT_COLOR_NAME = AccentColor;
				CODE_SIGN_STYLE = Automatic;
				CURRENT_PROJECT_VERSION = 1;
				DEVELOPMENT_ASSET_PATHS = "\"rsttur_karavaev/Preview Content\"";
				DEVELOPMENT_TEAM = H8H54D2ZMF;
				ENABLE_PREVIEWS = YES;
				GENERATE_INFOPLIST_FILE = YES;
				INFOPLIST_FILE = "rsttur-karavaev-Info.plist";
				INFOPLIST_KEY_UIApplicationSceneManifest_Generation = YES;
				INFOPLIST_KEY_UIApplicationSupportsIndirectInputEvents = YES;
				INFOPLIST_KEY_UILaunchScreen_Generation = YES;
				INFOPLIST_KEY_UISupportedInterfaceOrientations = UIInterfaceOrientationPortrait;
				LD_RUNPATH_SEARCH_PATHS = (
					"$(inherited)",
					"@executable_path/Frameworks",
				);
				MARKETING_VERSION = 1.0;
				PRODUCT_BUNDLE_IDENTIFIER = "Sergey-Karavaev.rsttur-karavaev";
				PRODUCT_NAME = "$(TARGET_NAME)";
				SWIFT_EMIT_LOC_STRINGS = YES;
				SWIFT_VERSION = 5.0;
				TARGETED_DEVICE_FAMILY = "1,2";
			};
			name = Release;
		};
/* End XCBuildConfiguration section */

/* Begin XCConfigurationList section */
		A5D472D62A09353F0007843F /* Build configuration list for PBXProject "rsttur_karavaev" */ = {
			isa = XCConfigurationList;
			buildConfigurations = (
				A5D472E72A0935420007843F /* Debug */,
				A5D472E82A0935420007843F /* Release */,
			);
			defaultConfigurationIsVisible = 0;
			defaultConfigurationName = Release;
		};
		A5D472E92A0935420007843F /* Build configuration list for PBXNativeTarget "rsttur_karavaev" */ = {
			isa = XCConfigurationList;
			buildConfigurations = (
				A5D472EA2A0935420007843F /* Debug */,
				A5D472EB2A0935420007843F /* Release */,
			);
			defaultConfigurationIsVisible = 0;
			defaultConfigurationName = Release;
		};
/* End XCConfigurationList section */
	};
	rootObject = A5D472D32A09353F0007843F /* Project object */;
}
